
Microsoft Visual Studio Solution File, Format Version 12.00
# Visual Studio Version 17
VisualStudioVersion = 17.8.34330.188
MinimumVisualStudioVersion = 10.0.40219.1
Project("{FAE04EC0-301F-11D3-BF4B-00C04F79EFBC}") = "Api-Game-Challenge", "Api-Game-Challenge.csproj", "{C1D19629-F37F-4DAF-9E45-E672A6CB68D4}"
EndProject
Global
	GlobalSection(SolutionConfigurationPlatforms) = preSolution
		Debug|Any CPU = Debug|Any CPU
		Release|Any CPU = Release|Any CPU
	EndGlobalSection
	GlobalSection(ProjectConfigurationPlatforms) = postSolution
		{C1D19629-F37F-4DAF-9E45-E672A6CB68D4}.Debug|Any CPU.ActiveCfg = Debug|Any CPU
		{C1D19629-F37F-4DAF-9E45-E672A6CB68D4}.Debug|Any CPU.Build.0 = Debug|Any CPU
		{C1D19629-F37F-4DAF-9E45-E672A6CB68D4}.Release|Any CPU.ActiveCfg = Release|Any CPU
		{C1D19629-F37F-4DAF-9E45-E672A6CB68D4}.Release|Any CPU.Build.0 = Release|Any CPU
	EndGlobalSection
	GlobalSection(SolutionProperties) = preSolution
		HideSolutionNode = FALSE
	EndGlobalSection
	GlobalSection(ExtensibilityGlobals) = postSolution
		SolutionGuid = {DD893E22-A95E-4E52-A5DE-9DDD265D0508}
	EndGlobalSection
EndGlobal
